
Microsoft Visual Studio Solution File, Format Version 12.00
# Visual Studio 15
VisualStudioVersion = 15.0.27130.2027
MinimumVisualStudioVersion = 10.0.40219.1
Project("{FAE04EC0-301F-11D3-BF4B-00C04F79EFBC}") = "Patcher2", "Patcher2.csproj", "{935912CD-DD80-4EA7-9AAE-9B5E40D872A4}"
EndProject
Global
	GlobalSection(SolutionConfigurationPlatforms) = preSolution
		Debug|Any CPU = Debug|Any CPU
		Release|Any CPU = Release|Any CPU
	EndGlobalSection
	GlobalSection(ProjectConfigurationPlatforms) = postSolution
		{935912CD-DD80-4EA7-9AAE-9B5E40D872A4}.Debug|Any CPU.ActiveCfg = Debug|Any CPU
		{935912CD-DD80-4EA7-9AAE-9B5E40D872A4}.Debug|Any CPU.Build.0 = Debug|Any CPU
		{935912CD-DD80-4EA7-9AAE-9B5E40D872A4}.Release|Any CPU.ActiveCfg = Release|Any CPU
		{935912CD-DD80-4EA7-9AAE-9B5E40D872A4}.Release|Any CPU.Build.0 = Release|Any CPU
	EndGlobalSection
	GlobalSection(SolutionProperties) = preSolution
		HideSolutionNode = FALSE
	EndGlobalSection
	GlobalSection(ExtensibilityGlobals) = postSolution
		SolutionGuid = {F8D68AE4-E771-4D76-ACED-89539D2A77B0}
	EndGlobalSection
EndGlobal
